
Microsoft Visual Studio Solution File, Format Version 12.00
# Visual Studio 15
VisualStudioVersion = 15.0.28010.2016
MinimumVisualStudioVersion = 10.0.40219.1
Project("{FAE04EC0-301F-11D3-BF4B-00C04F79EFBC}") = "ExamenNET", "ExamenNET\ExamenNET.csproj", "{E699F844-7777-4AAE-A6B0-5C7E39DC9483}"
EndProject
Global
	GlobalSection(SolutionConfigurationPlatforms) = preSolution
		Debug|Any CPU = Debug|Any CPU
		Release|Any CPU = Release|Any CPU
	EndGlobalSection
	GlobalSection(ProjectConfigurationPlatforms) = postSolution
		{E699F844-7777-4AAE-A6B0-5C7E39DC9483}.Debug|Any CPU.ActiveCfg = Debug|Any CPU
		{E699F844-7777-4AAE-A6B0-5C7E39DC9483}.Debug|Any CPU.Build.0 = Debug|Any CPU
		{E699F844-7777-4AAE-A6B0-5C7E39DC9483}.Release|Any CPU.ActiveCfg = Release|Any CPU
		{E699F844-7777-4AAE-A6B0-5C7E39DC9483}.Release|Any CPU.Build.0 = Release|Any CPU
	EndGlobalSection
	GlobalSection(SolutionProperties) = preSolution
		HideSolutionNode = FALSE
	EndGlobalSection
	GlobalSection(ExtensibilityGlobals) = postSolution
		SolutionGuid = {33ED6C09-FEF2-484C-865E-1A66D2752D9C}
	EndGlobalSection
EndGlobal
